
Microsoft Visual Studio Solution File, Format Version 12.00
# Visual Studio Version 16
VisualStudioVersion = 16.0.32602.291
MinimumVisualStudioVersion = 10.0.40219.1
Project("{2150E333-8FDC-42A3-9474-1A3956D46DE8}") = "SErvices", "SErvices", "{4C1BE8ED-7556-407F-9B67-9FC863C45941}"
EndProject
Project("{2150E333-8FDC-42A3-9474-1A3956D46DE8}") = "Catalog", "Catalog", "{3092A1FD-4552-4B9E-8A13-78E8E6001551}"
EndProject
Project("{9A19103F-16F7-4668-BE54-9A1E7A4F7556}") = "Catalog.API", "src\SErvices\Catalog\Catalog.API\Catalog.API.csproj", "{B178CD37-B88F-4EE9-8EB7-70D2B6DDD820}"
EndProject
Project("{E53339B2-1760-4266-BCC7-CA923CBCF16C}") = "docker-compose", "docker-compose.dcproj", "{15CBA81E-343E-41FF-9C88-A66EA37AB685}"
EndProject
Project("{2150E333-8FDC-42A3-9474-1A3956D46DE8}") = "Basket", "Basket", "{F642A779-18B3-4890-BF39-10CE18883153}"
EndProject
Project("{9A19103F-16F7-4668-BE54-9A1E7A4F7556}") = "Basket.API", "src\SErvices\Basket\Basket.API\Basket.API.csproj", "{06E262C3-2DCA-4939-8D54-E6056B0DA3EC}"
EndProject
Project("{2150E333-8FDC-42A3-9474-1A3956D46DE8}") = "Discount", "Discount", "{7D955886-862D-4E96-A245-4DBDB6DE0868}"
EndProject
Project("{9A19103F-16F7-4668-BE54-9A1E7A4F7556}") = "Discount.API", "src\SErvices\Discount\Discount.API\Discount.API.csproj", "{6375EB7F-001C-4681-B267-49201163B2AF}"
EndProject
Project("{2150E333-8FDC-42A3-9474-1A3956D46DE8}") = "ApiGateways", "ApiGateways", "{283C41B1-080C-4DA4-B062-CF494A9F7B59}"
EndProject
Project("{9A19103F-16F7-4668-BE54-9A1E7A4F7556}") = "OcelotApiGw", "src\ApiGateways\OcelotApiGw\OcelotApiGw.csproj", "{2AFFD0D0-EC21-414F-87C4-0E01357219CB}"
EndProject
Project("{9A19103F-16F7-4668-BE54-9A1E7A4F7556}") = "Discount.Grps", "src\SErvices\Discount\Discount.Grps\Discount.Grps.csproj", "{7979C845-9F59-439D-8992-5D13FD139C1C}"
EndProject
Project("{2150E333-8FDC-42A3-9474-1A3956D46DE8}") = "Ordering", "Ordering", "{2C161024-8932-40B6-9A84-F809DE0C1E18}"
EndProject
Project("{9A19103F-16F7-4668-BE54-9A1E7A4F7556}") = "Ordering.API", "src\SErvices\Ordering\Ordering.API\Ordering.API.csproj", "{A1CE6CE7-E45D-4423-8533-CD9463BC3013}"
EndProject
Project("{9A19103F-16F7-4668-BE54-9A1E7A4F7556}") = "Ordering.Domain", "src\SErvices\Ordering\Ordering.Domain\Ordering.Domain.csproj", "{EDD1F885-CD25-4DB8-8B2F-855F0D19ED81}"
EndProject
Project("{9A19103F-16F7-4668-BE54-9A1E7A4F7556}") = "Ordering.Application", "src\SErvices\Ordering\Ordering.Application\Ordering.Application.csproj", "{2F40400B-C5FC-4170-8C4A-72B387CA44BC}"
EndProject
Project("{9A19103F-16F7-4668-BE54-9A1E7A4F7556}") = "Ordering.Infrastructure", "src\SErvices\Ordering\Ordering.Infrastructure\Ordering.Infrastructure.csproj", "{CAF3C1EB-5B17-4078-8FA4-4FC632D531B1}"
EndProject
Project("{2150E333-8FDC-42A3-9474-1A3956D46DE8}") = "BuildingBlocks", "BuildingBlocks", "{8FC5F4F8-3FAD-422D-A518-A203CD07A89B}"
EndProject
Project("{FAE04EC0-301F-11D3-BF4B-00C04F79EFBC}") = "EventBus.Messages", "src\BuildingBlocks\EventBus.Messages\EventBus.Messages.csproj", "{09D9FAB6-301D-4F8B-85F9-92D8797CE990}"
EndProject
Global
	GlobalSection(SolutionConfigurationPlatforms) = preSolution
		Debug|Any CPU = Debug|Any CPU
		Release|Any CPU = Release|Any CPU
	EndGlobalSection
	GlobalSection(ProjectConfigurationPlatforms) = postSolution
		{B178CD37-B88F-4EE9-8EB7-70D2B6DDD820}.Debug|Any CPU.ActiveCfg = Debug|Any CPU
		{B178CD37-B88F-4EE9-8EB7-70D2B6DDD820}.Debug|Any CPU.Build.0 = Debug|Any CPU
		{B178CD37-B88F-4EE9-8EB7-70D2B6DDD820}.Release|Any CPU.ActiveCfg = Release|Any CPU
		{B178CD37-B88F-4EE9-8EB7-70D2B6DDD820}.Release|Any CPU.Build.0 = Release|Any CPU
		{15CBA81E-343E-41FF-9C88-A66EA37AB685}.Debug|Any CPU.ActiveCfg = Debug|Any CPU
		{15CBA81E-343E-41FF-9C88-A66EA37AB685}.Debug|Any CPU.Build.0 = Debug|Any CPU
		{15CBA81E-343E-41FF-9C88-A66EA37AB685}.Release|Any CPU.ActiveCfg = Release|Any CPU
		{15CBA81E-343E-41FF-9C88-A66EA37AB685}.Release|Any CPU.Build.0 = Release|Any CPU
		{06E262C3-2DCA-4939-8D54-E6056B0DA3EC}.Debug|Any CPU.ActiveCfg = Debug|Any CPU
		{06E262C3-2DCA-4939-8D54-E6056B0DA3EC}.Debug|Any CPU.Build.0 = Debug|Any CPU
		{06E262C3-2DCA-4939-8D54-E6056B0DA3EC}.Release|Any CPU.ActiveCfg = Release|Any CPU
		{06E262C3-2DCA-4939-8D54-E6056B0DA3EC}.Release|Any CPU.Build.0 = Release|Any CPU
		{6375EB7F-001C-4681-B267-49201163B2AF}.Debug|Any CPU.ActiveCfg = Debug|Any CPU
		{6375EB7F-001C-4681-B267-49201163B2AF}.Debug|Any CPU.Build.0 = Debug|Any CPU
		{6375EB7F-001C-4681-B267-49201163B2AF}.Release|Any CPU.ActiveCfg = Release|Any CPU
		{6375EB7F-001C-4681-B267-49201163B2AF}.Release|Any CPU.Build.0 = Release|Any CPU
		{2AFFD0D0-EC21-414F-87C4-0E01357219CB}.Debug|Any CPU.ActiveCfg = Debug|Any CPU
		{2AFFD0D0-EC21-414F-87C4-0E01357219CB}.Debug|Any CPU.Build.0 = Debug|Any CPU
		{2AFFD0D0-EC21-414F-87C4-0E01357219CB}.Release|Any CPU.ActiveCfg = Release|Any CPU
		{2AFFD0D0-EC21-414F-87C4-0E01357219CB}.Release|Any CPU.Build.0 = Release|Any CPU
		{7979C845-9F59-439D-8992-5D13FD139C1C}.Debug|Any CPU.ActiveCfg = Debug|Any CPU
		{7979C845-9F59-439D-8992-5D13FD139C1C}.Debug|Any CPU.Build.0 = Debug|Any CPU
		{7979C845-9F59-439D-8992-5D13FD139C1C}.Release|Any CPU.ActiveCfg = Release|Any CPU
		{7979C845-9F59-439D-8992-5D13FD139C1C}.Release|Any CPU.Build.0 = Release|Any CPU
		{A1CE6CE7-E45D-4423-8533-CD9463BC3013}.Debug|Any CPU.ActiveCfg = Debug|Any CPU
		{A1CE6CE7-E45D-4423-8533-CD9463BC3013}.Debug|Any CPU.Build.0 = Debug|Any CPU
		{A1CE6CE7-E45D-4423-8533-CD9463BC3013}.Release|Any CPU.ActiveCfg = Release|Any CPU
		{A1CE6CE7-E45D-4423-8533-CD9463BC3013}.Release|Any CPU.Build.0 = Release|Any CPU
		{EDD1F885-CD25-4DB8-8B2F-855F0D19ED81}.Debug|Any CPU.ActiveCfg = Debug|Any CPU
		{EDD1F885-CD25-4DB8-8B2F-855F0D19ED81}.Debug|Any CPU.Build.0 = Debug|Any CPU
		{EDD1F885-CD25-4DB8-8B2F-855F0D19ED81}.Release|Any CPU.ActiveCfg = Release|Any CPU
		{EDD1F885-CD25-4DB8-8B2F-855F0D19ED81}.Release|Any CPU.Build.0 = Release|Any CPU
		{2F40400B-C5FC-4170-8C4A-72B387CA44BC}.Debug|Any CPU.ActiveCfg = Debug|Any CPU
		{2F40400B-C5FC-4170-8C4A-72B387CA44BC}.Debug|Any CPU.Build.0 = Debug|Any CPU
		{2F40400B-C5FC-4170-8C4A-72B387CA44BC}.Release|Any CPU.ActiveCfg = Release|Any CPU
		{2F40400B-C5FC-4170-8C4A-72B387CA44BC}.Release|Any CPU.Build.0 = Release|Any CPU
		{CAF3C1EB-5B17-4078-8FA4-4FC632D531B1}.Debug|Any CPU.ActiveCfg = Debug|Any CPU
		{CAF3C1EB-5B17-4078-8FA4-4FC632D531B1}.Debug|Any CPU.Build.0 = Debug|Any CPU
		{CAF3C1EB-5B17-4078-8FA4-4FC632D531B1}.Release|Any CPU.ActiveCfg = Release|Any CPU
		{CAF3C1EB-5B17-4078-8FA4-4FC632D531B1}.Release|Any CPU.Build.0 = Release|Any CPU
		{09D9FAB6-301D-4F8B-85F9-92D8797CE990}.Debug|Any CPU.ActiveCfg = Debug|Any CPU
		{09D9FAB6-301D-4F8B-85F9-92D8797CE990}.Debug|Any CPU.Build.0 = Debug|Any CPU
		{09D9FAB6-301D-4F8B-85F9-92D8797CE990}.Release|Any CPU.ActiveCfg = Release|Any CPU
		{09D9FAB6-301D-4F8B-85F9-92D8797CE990}.Release|Any CPU.Build.0 = Release|Any CPU
	EndGlobalSection
	GlobalSection(SolutionProperties) = preSolution
		HideSolutionNode = FALSE
	EndGlobalSection
	GlobalSection(NestedProjects) = preSolution
		{3092A1FD-4552-4B9E-8A13-78E8E6001551} = {4C1BE8ED-7556-407F-9B67-9FC863C45941}
		{B178CD37-B88F-4EE9-8EB7-70D2B6DDD820} = {3092A1FD-4552-4B9E-8A13-78E8E6001551}
		{F642A779-18B3-4890-BF39-10CE18883153} = {4C1BE8ED-7556-407F-9B67-9FC863C45941}
		{06E262C3-2DCA-4939-8D54-E6056B0DA3EC} = {F642A779-18B3-4890-BF39-10CE18883153}
		{7D955886-862D-4E96-A245-4DBDB6DE0868} = {4C1BE8ED-7556-407F-9B67-9FC863C45941}
		{6375EB7F-001C-4681-B267-49201163B2AF} = {7D955886-862D-4E96-A245-4DBDB6DE0868}
		{2AFFD0D0-EC21-414F-87C4-0E01357219CB} = {283C41B1-080C-4DA4-B062-CF494A9F7B59}
		{7979C845-9F59-439D-8992-5D13FD139C1C} = {7D955886-862D-4E96-A245-4DBDB6DE0868}
		{2C161024-8932-40B6-9A84-F809DE0C1E18} = {4C1BE8ED-7556-407F-9B67-9FC863C45941}
		{A1CE6CE7-E45D-4423-8533-CD9463BC3013} = {2C161024-8932-40B6-9A84-F809DE0C1E18}
		{EDD1F885-CD25-4DB8-8B2F-855F0D19ED81} = {2C161024-8932-40B6-9A84-F809DE0C1E18}
		{2F40400B-C5FC-4170-8C4A-72B387CA44BC} = {2C161024-8932-40B6-9A84-F809DE0C1E18}
		{CAF3C1EB-5B17-4078-8FA4-4FC632D531B1} = {2C161024-8932-40B6-9A84-F809DE0C1E18}
		{09D9FAB6-301D-4F8B-85F9-92D8797CE990} = {8FC5F4F8-3FAD-422D-A518-A203CD07A89B}
	EndGlobalSection
	GlobalSection(ExtensibilityGlobals) = postSolution
		SolutionGuid = {B4BFD154-5ABA-4B19-A90C-926233F4E716}
	EndGlobalSection
EndGlobal
